
Microsoft Visual Studio Solution File, Format Version 12.00
# Visual Studio Version 16
VisualStudioVersion = 16.0.32106.194
MinimumVisualStudioVersion = 10.0.40219.1
Project("{FAE04EC0-301F-11D3-BF4B-00C04F79EFBC}") = "Todo app", "Todo app.csproj", "{6290678E-07EC-4D5D-877F-35BB32CA9AD6}"
EndProject
Global
	GlobalSection(SolutionConfigurationPlatforms) = preSolution
		Debug|Any CPU = Debug|Any CPU
		Release|Any CPU = Release|Any CPU
	EndGlobalSection
	GlobalSection(ProjectConfigurationPlatforms) = postSolution
		{6290678E-07EC-4D5D-877F-35BB32CA9AD6}.Debug|Any CPU.ActiveCfg = Debug|Any CPU
		{6290678E-07EC-4D5D-877F-35BB32CA9AD6}.Debug|Any CPU.Build.0 = Debug|Any CPU
		{6290678E-07EC-4D5D-877F-35BB32CA9AD6}.Release|Any CPU.ActiveCfg = Release|Any CPU
		{6290678E-07EC-4D5D-877F-35BB32CA9AD6}.Release|Any CPU.Build.0 = Release|Any CPU
	EndGlobalSection
	GlobalSection(SolutionProperties) = preSolution
		HideSolutionNode = FALSE
	EndGlobalSection
	GlobalSection(ExtensibilityGlobals) = postSolution
		SolutionGuid = {FC0361AA-85D2-4C64-912D-6648D9F63C5F}
	EndGlobalSection
EndGlobal
